// !$*UTF8*$!
{
	archiveVersion = 1;
	classes = {
	};
	objectVersion = 46;
	objects = {

/* Begin PBXBuildFile section */
		24539004192C7C700099CCBF /* DrinkList.m in Sources */ = {isa = PBXBuildFile; fileRef = 24539003192C7C700099CCBF /* DrinkList.m */; };
		2490343C190360EE0092D207 /* CFIXNewItem.m in Sources */ = {isa = PBXBuildFile; fileRef = 2490343B190360EE0092D207 /* CFIXNewItem.m */; };
		249E97A5190BA56C0027D779 /* CoreData.framework in Frameworks */ = {isa = PBXBuildFile; fileRef = 249E97A4190BA56C0027D779 /* CoreData.framework */; };
		249E97A8190BA70C0027D779 /* CFIXDataModel.xcdatamodeld in Sources */ = {isa = PBXBuildFile; fileRef = 249E97A6190BA70C0027D779 /* CFIXDataModel.xcdatamodeld */; };
		24BC48F61903677F0052EFA8 /* Storyboard_iPhone.storyboard in Resources */ = {isa = PBXBuildFile; fileRef = 24BC48F81903677F0052EFA8 /* Storyboard_iPhone.storyboard */; };
		24BC48FC19036A420052EFA8 /* CFIXAddNewItemViewController.m in Sources */ = {isa = PBXBuildFile; fileRef = 24BC48FA19036A420052EFA8 /* CFIXAddNewItemViewController.m */; };
		24BC48FD19036A420052EFA8 /* CFIXAddNewItemViewController.xib in Resources */ = {isa = PBXBuildFile; fileRef = 24BC48FB19036A420052EFA8 /* CFIXAddNewItemViewController.xib */; };
		24BC490119036B010052EFA8 /* CFIXItemListTableViewController.m in Sources */ = {isa = PBXBuildFile; fileRef = 24BC48FF19036B010052EFA8 /* CFIXItemListTableViewController.m */; };
		24BC490219036B010052EFA8 /* CFIXItemListTableViewController.xib in Resources */ = {isa = PBXBuildFile; fileRef = 24BC490019036B010052EFA8 /* CFIXItemListTableViewController.xib */; };
		24CC72F918FBA31D00799FCB /* Foundation.framework in Frameworks */ = {isa = PBXBuildFile; fileRef = 24CC72F818FBA31D00799FCB /* Foundation.framework */; };
		24CC72FB18FBA31D00799FCB /* CoreGraphics.framework in Frameworks */ = {isa = PBXBuildFile; fileRef = 24CC72FA18FBA31D00799FCB /* CoreGraphics.framework */; };
		24CC72FD18FBA31D00799FCB /* UIKit.framework in Frameworks */ = {isa = PBXBuildFile; fileRef = 24CC72FC18FBA31D00799FCB /* UIKit.framework */; };
		24CC730318FBA31D00799FCB /* InfoPlist.strings in Resources */ = {isa = PBXBuildFile; fileRef = 24CC730118FBA31D00799FCB /* InfoPlist.strings */; };
		24CC730518FBA31D00799FCB /* main.m in Sources */ = {isa = PBXBuildFile; fileRef = 24CC730418FBA31D00799FCB /* main.m */; };
		24CC730918FBA31D00799FCB /* CFIXAppDelegate.m in Sources */ = {isa = PBXBuildFile; fileRef = 24CC730818FBA31D00799FCB /* CFIXAppDelegate.m */; };
		24CC730B18FBA31D00799FCB /* Images.xcassets in Resources */ = {isa = PBXBuildFile; fileRef = 24CC730A18FBA31D00799FCB /* Images.xcassets */; };
		24CC731218FBA31D00799FCB /* XCTest.framework in Frameworks */ = {isa = PBXBuildFile; fileRef = 24CC731118FBA31D00799FCB /* XCTest.framework */; };
		24CC731318FBA31D00799FCB /* Foundation.framework in Frameworks */ = {isa = PBXBuildFile; fileRef = 24CC72F818FBA31D00799FCB /* Foundation.framework */; };
		24CC731418FBA31D00799FCB /* UIKit.framework in Frameworks */ = {isa = PBXBuildFile; fileRef = 24CC72FC18FBA31D00799FCB /* UIKit.framework */; };
		24CC731C18FBA31D00799FCB /* InfoPlist.strings in Resources */ = {isa = PBXBuildFile; fileRef = 24CC731A18FBA31D00799FCB /* InfoPlist.strings */; };
		24CC731E18FBA31D00799FCB /* CaffeineFixTests.m in Sources */ = {isa = PBXBuildFile; fileRef = 24CC731D18FBA31D00799FCB /* CaffeineFixTests.m */; };
		24E890A91930825E00B8111F /* CFIXTableViewCell.m in Sources */ = {isa = PBXBuildFile; fileRef = 24E890A71930825E00B8111F /* CFIXTableViewCell.m */; };
		24E890AA1930825E00B8111F /* CFIXTableViewCell.xib in Resources */ = {isa = PBXBuildFile; fileRef = 24E890A81930825E00B8111F /* CFIXTableViewCell.xib */; };
		24E890AD1930930C00B8111F /* Log.m in Sources */ = {isa = PBXBuildFile; fileRef = 24E890AC1930930C00B8111F /* Log.m */; };
		24F1360D19077052005928CD /* libCorePlot-CocoaTouch.a in Frameworks */ = {isa = PBXBuildFile; fileRef = 24F1360C19077052005928CD /* libCorePlot-CocoaTouch.a */; };
		434D4B39190CF498002995AC /* UIKit+DrawingHelpers.m in Sources */ = {isa = PBXBuildFile; fileRef = 434D4B38190CF498002995AC /* UIKit+DrawingHelpers.m */; };
		434D4B3F190CF4E3002995AC /* LCLegendView.m in Sources */ = {isa = PBXBuildFile; fileRef = 434D4B3C190CF4E3002995AC /* LCLegendView.m */; };
		434D4B40190CF4E3002995AC /* LCLineChartView.m in Sources */ = {isa = PBXBuildFile; fileRef = 434D4B3E190CF4E3002995AC /* LCLineChartView.m */; };
		434D4B43190CF4EE002995AC /* LCInfoView.m in Sources */ = {isa = PBXBuildFile; fileRef = 434D4B42190CF4EE002995AC /* LCInfoView.m */; };
		439139BD192D61BD002158D5 /* CFIXViewController.m in Sources */ = {isa = PBXBuildFile; fileRef = 439139BB192D61BD002158D5 /* CFIXViewController.m */; };
		439139BE192D61BD002158D5 /* CFIXViewController.xib in Resources */ = {isa = PBXBuildFile; fileRef = 439139BC192D61BD002158D5 /* CFIXViewController.xib */; };
		4399CB5E1903E86F00D6346F /* libCorePlot-CocoaTouch.a in Frameworks */ = {isa = PBXBuildFile; fileRef = 4399CB5D1903E83900D6346F /* libCorePlot-CocoaTouch.a */; };
		4399CBAF1903F1D700D6346F /* QuartzCore.framework in Frameworks */ = {isa = PBXBuildFile; fileRef = 4399CBAE1903F1D700D6346F /* QuartzCore.framework */; };
		80BB1662192E124E009A36BF /* DLPieChart.m in Sources */ = {isa = PBXBuildFile; fileRef = 80BB1661192E124E009A36BF /* DLPieChart.m */; };
		80BB1665192E1325009A36BF /* CFIXPieChartViewController.m in Sources */ = {isa = PBXBuildFile; fileRef = 80BB1664192E1325009A36BF /* CFIXPieChartViewController.m */; };
/* End PBXBuildFile section */

/* Begin PBXContainerItemProxy section */
		24CC731518FBA31D00799FCB /* PBXContainerItemProxy */ = {
			isa = PBXContainerItemProxy;
			containerPortal = 24CC72ED18FBA31D00799FCB /* Project object */;
			proxyType = 1;
			remoteGlobalIDString = 24CC72F418FBA31D00799FCB;
			remoteInfo = CaffeineFix;
		};
/* End PBXContainerItemProxy section */

/* Begin PBXFileReference section */
		24539002192C7C700099CCBF /* DrinkList.h */ = {isa = PBXFileReference; fileEncoding = 4; lastKnownFileType = sourcecode.c.h; path = DrinkList.h; sourceTree = "<group>"; };
		24539003192C7C700099CCBF /* DrinkList.m */ = {isa = PBXFileReference; fileEncoding = 4; lastKnownFileType = sourcecode.c.objc; path = DrinkList.m; sourceTree = "<group>"; };
		2490343A190360EE0092D207 /* CFIXNewItem.h */ = {isa = PBXFileReference; fileEncoding = 4; lastKnownFileType = sourcecode.c.h; path = CFIXNewItem.h; sourceTree = "<group>"; };
		2490343B190360EE0092D207 /* CFIXNewItem.m */ = {isa = PBXFileReference; fileEncoding = 4; lastKnownFileType = sourcecode.c.objc; path = CFIXNewItem.m; sourceTree = "<group>"; };
		249E97A4190BA56C0027D779 /* CoreData.framework */ = {isa = PBXFileReference; lastKnownFileType = wrapper.framework; name = CoreData.framework; path = System/Library/Frameworks/CoreData.framework; sourceTree = SDKROOT; };
		249E97A7190BA70C0027D779 /* CFIXDataModel.xcdatamodel */ = {isa = PBXFileReference; lastKnownFileType = wrapper.xcdatamodel; path = CFIXDataModel.xcdatamodel; sourceTree = "<group>"; };
		24BC48F71903677F0052EFA8 /* en */ = {isa = PBXFileReference; lastKnownFileType = file.storyboard; name = en; path = en.lproj/Storyboard_iPhone.storyboard; sourceTree = "<group>"; };
		24BC48F919036A420052EFA8 /* CFIXAddNewItemViewController.h */ = {isa = PBXFileReference; fileEncoding = 4; lastKnownFileType = sourcecode.c.h; name = CFIXAddNewItemViewController.h; path = ../CFIXAddNewItemViewController.h; sourceTree = "<group>"; };
		24BC48FA19036A420052EFA8 /* CFIXAddNewItemViewController.m */ = {isa = PBXFileReference; fileEncoding = 4; lastKnownFileType = sourcecode.c.objc; name = CFIXAddNewItemViewController.m; path = ../CFIXAddNewItemViewController.m; sourceTree = "<group>"; };
		24BC48FB19036A420052EFA8 /* CFIXAddNewItemViewController.xib */ = {isa = PBXFileReference; fileEncoding = 4; lastKnownFileType = file.xib; name = CFIXAddNewItemViewController.xib; path = ../CFIXAddNewItemViewController.xib; sourceTree = "<group>"; };
		24BC48FE19036B010052EFA8 /* CFIXItemListTableViewController.h */ = {isa = PBXFileReference; fileEncoding = 4; lastKnownFileType = sourcecode.c.h; path = CFIXItemListTableViewController.h; sourceTree = "<group>"; };
		24BC48FF19036B010052EFA8 /* CFIXItemListTableViewController.m */ = {isa = PBXFileReference; fileEncoding = 4; lastKnownFileType = sourcecode.c.objc; path = CFIXItemListTableViewController.m; sourceTree = "<group>"; };
		24BC490019036B010052EFA8 /* CFIXItemListTableViewController.xib */ = {isa = PBXFileReference; fileEncoding = 4; lastKnownFileType = file.xib; path = CFIXItemListTableViewController.xib; sourceTree = "<group>"; };
		24CC72F518FBA31D00799FCB /* CaffeineFix.app */ = {isa = PBXFileReference; explicitFileType = wrapper.application; includeInIndex = 0; path = CaffeineFix.app; sourceTree = BUILT_PRODUCTS_DIR; };
		24CC72F818FBA31D00799FCB /* Foundation.framework */ = {isa = PBXFileReference; lastKnownFileType = wrapper.framework; name = Foundation.framework; path = System/Library/Frameworks/Foundation.framework; sourceTree = SDKROOT; };
		24CC72FA18FBA31D00799FCB /* CoreGraphics.framework */ = {isa = PBXFileReference; lastKnownFileType = wrapper.framework; name = CoreGraphics.framework; path = System/Library/Frameworks/CoreGraphics.framework; sourceTree = SDKROOT; };
		24CC72FC18FBA31D00799FCB /* UIKit.framework */ = {isa = PBXFileReference; lastKnownFileType = wrapper.framework; name = UIKit.framework; path = System/Library/Frameworks/UIKit.framework; sourceTree = SDKROOT; };
		24CC730018FBA31D00799FCB /* CaffeineFix-Info.plist */ = {isa = PBXFileReference; lastKnownFileType = text.plist.xml; path = "CaffeineFix-Info.plist"; sourceTree = "<group>"; };
		24CC730218FBA31D00799FCB /* en */ = {isa = PBXFileReference; lastKnownFileType = text.plist.strings; name = en; path = en.lproj/InfoPlist.strings; sourceTree = "<group>"; };
		24CC730418FBA31D00799FCB /* main.m */ = {isa = PBXFileReference; lastKnownFileType = sourcecode.c.objc; path = main.m; sourceTree = "<group>"; };
		24CC730618FBA31D00799FCB /* CaffeineFix-Prefix.pch */ = {isa = PBXFileReference; lastKnownFileType = sourcecode.c.h; path = "CaffeineFix-Prefix.pch"; sourceTree = "<group>"; };
		24CC730718FBA31D00799FCB /* CFIXAppDelegate.h */ = {isa = PBXFileReference; lastKnownFileType = sourcecode.c.h; path = CFIXAppDelegate.h; sourceTree = "<group>"; };
		24CC730818FBA31D00799FCB /* CFIXAppDelegate.m */ = {isa = PBXFileReference; lastKnownFileType = sourcecode.c.objc; path = CFIXAppDelegate.m; sourceTree = "<group>"; };
		24CC730A18FBA31D00799FCB /* Images.xcassets */ = {isa = PBXFileReference; lastKnownFileType = folder.assetcatalog; path = Images.xcassets; sourceTree = "<group>"; };
		24CC731018FBA31D00799FCB /* CaffeineFixTests.xctest */ = {isa = PBXFileReference; explicitFileType = wrapper.cfbundle; includeInIndex = 0; path = CaffeineFixTests.xctest; sourceTree = BUILT_PRODUCTS_DIR; };
		24CC731118FBA31D00799FCB /* XCTest.framework */ = {isa = PBXFileReference; lastKnownFileType = wrapper.framework; name = XCTest.framework; path = Library/Frameworks/XCTest.framework; sourceTree = DEVELOPER_DIR; };
		24CC731918FBA31D00799FCB /* CaffeineFixTests-Info.plist */ = {isa = PBXFileReference; lastKnownFileType = text.plist.xml; path = "CaffeineFixTests-Info.plist"; sourceTree = "<group>"; };
		24CC731B18FBA31D00799FCB /* en */ = {isa = PBXFileReference; lastKnownFileType = text.plist.strings; name = en; path = en.lproj/InfoPlist.strings; sourceTree = "<group>"; };
		24CC731D18FBA31D00799FCB /* CaffeineFixTests.m */ = {isa = PBXFileReference; lastKnownFileType = sourcecode.c.objc; path = CaffeineFixTests.m; sourceTree = "<group>"; };
		24E890A61930825E00B8111F /* CFIXTableViewCell.h */ = {isa = PBXFileReference; fileEncoding = 4; lastKnownFileType = sourcecode.c.h; path = CFIXTableViewCell.h; sourceTree = "<group>"; };
		24E890A71930825E00B8111F /* CFIXTableViewCell.m */ = {isa = PBXFileReference; fileEncoding = 4; lastKnownFileType = sourcecode.c.objc; path = CFIXTableViewCell.m; sourceTree = "<group>"; };
		24E890A81930825E00B8111F /* CFIXTableViewCell.xib */ = {isa = PBXFileReference; fileEncoding = 4; lastKnownFileType = file.xib; path = CFIXTableViewCell.xib; sourceTree = "<group>"; };
		24E890AB1930930C00B8111F /* Log.h */ = {isa = PBXFileReference; fileEncoding = 4; lastKnownFileType = sourcecode.c.h; path = Log.h; sourceTree = "<group>"; };
		24E890AC1930930C00B8111F /* Log.m */ = {isa = PBXFileReference; fileEncoding = 4; lastKnownFileType = sourcecode.c.objc; path = Log.m; sourceTree = "<group>"; };
		24F135BE19077052005928CD /* CorePlot-CocoaTouch.h */ = {isa = PBXFileReference; fileEncoding = 4; lastKnownFileType = sourcecode.c.h; path = "CorePlot-CocoaTouch.h"; sourceTree = "<group>"; };
		24F135BF19077052005928CD /* CPTAnimation.h */ = {isa = PBXFileReference; fileEncoding = 4; lastKnownFileType = sourcecode.c.h; path = CPTAnimation.h; sourceTree = "<group>"; };
		24F135C019077052005928CD /* CPTAnimationOperation.h */ = {isa = PBXFileReference; fileEncoding = 4; lastKnownFileType = sourcecode.c.h; path = CPTAnimationOperation.h; sourceTree = "<group>"; };
		24F135C119077052005928CD /* CPTAnimationPeriod.h */ = {isa = PBXFileReference; fileEncoding = 4; lastKnownFileType = sourcecode.c.h; path = CPTAnimationPeriod.h; sourceTree = "<group>"; };
		24F135C219077052005928CD /* CPTAnnotation.h */ = {isa = PBXFileReference; fileEncoding = 4; lastKnownFileType = sourcecode.c.h; path = CPTAnnotation.h; sourceTree = "<group>"; };
		24F135C319077052005928CD /* CPTAnnotationHostLayer.h */ = {isa = PBXFileReference; fileEncoding = 4; lastKnownFileType = sourcecode.c.h; path = CPTAnnotationHostLayer.h; sourceTree = "<group>"; };
		24F135C419077052005928CD /* CPTAxis.h */ = {isa = PBXFileReference; fileEncoding = 4; lastKnownFileType = sourcecode.c.h; path = CPTAxis.h; sourceTree = "<group>"; };
		24F135C519077052005928CD /* CPTAxisLabel.h */ = {isa = PBXFileReference; fileEncoding = 4; lastKnownFileType = sourcecode.c.h; path = CPTAxisLabel.h; sourceTree = "<group>"; };
		24F135C619077052005928CD /* CPTAxisLabelGroup.h */ = {isa = PBXFileReference; fileEncoding = 4; lastKnownFileType = sourcecode.c.h; path = CPTAxisLabelGroup.h; sourceTree = "<group>"; };
		24F135C719077052005928CD /* CPTAxisSet.h */ = {isa = PBXFileReference; fileEncoding = 4; lastKnownFileType = sourcecode.c.h; path = CPTAxisSet.h; sourceTree = "<group>"; };
		24F135C819077052005928CD /* CPTAxisTitle.h */ = {isa = PBXFileReference; fileEncoding = 4; lastKnownFileType = sourcecode.c.h; path = CPTAxisTitle.h; sourceTree = "<group>"; };
		24F135C919077052005928CD /* CPTBarPlot.h */ = {isa = PBXFileReference; fileEncoding = 4; lastKnownFileType = sourcecode.c.h; path = CPTBarPlot.h; sourceTree = "<group>"; };
		24F135CA19077052005928CD /* CPTBorderedLayer.h */ = {isa = PBXFileReference; fileEncoding = 4; lastKnownFileType = sourcecode.c.h; path = CPTBorderedLayer.h; sourceTree = "<group>"; };
		24F135CB19077052005928CD /* CPTCalendarFormatter.h */ = {isa = PBXFileReference; fileEncoding = 4; lastKnownFileType = sourcecode.c.h; path = CPTCalendarFormatter.h; sourceTree = "<group>"; };
		24F135CC19077052005928CD /* CPTColor.h */ = {isa = PBXFileReference; fileEncoding = 4; lastKnownFileType = sourcecode.c.h; path = CPTColor.h; sourceTree = "<group>"; };
		24F135CD19077052005928CD /* CPTColorSpace.h */ = {isa = PBXFileReference; fileEncoding = 4; lastKnownFileType = sourcecode.c.h; path = CPTColorSpace.h; sourceTree = "<group>"; };
		24F135CE19077052005928CD /* CPTConstraints.h */ = {isa = PBXFileReference; fileEncoding = 4; lastKnownFileType = sourcecode.c.h; path = CPTConstraints.h; sourceTree = "<group>"; };
		24F135CF19077052005928CD /* CPTDataSourceTestCase.h */ = {isa = PBXFileReference; fileEncoding = 4; lastKnownFileType = sourcecode.c.h; path = CPTDataSourceTestCase.h; sourceTree = "<group>"; };
		24F135D019077052005928CD /* CPTDefinitions.h */ = {isa = PBXFileReference; fileEncoding = 4; lastKnownFileType = sourcecode.c.h; path = CPTDefinitions.h; sourceTree = "<group>"; };
		24F135D119077052005928CD /* CPTDerivedXYGraph.h */ = {isa = PBXFileReference; fileEncoding = 4; lastKnownFileType = sourcecode.c.h; path = CPTDerivedXYGraph.h; sourceTree = "<group>"; };
		24F135D219077052005928CD /* CPTExceptions.h */ = {isa = PBXFileReference; fileEncoding = 4; lastKnownFileType = sourcecode.c.h; path = CPTExceptions.h; sourceTree = "<group>"; };
		24F135D319077052005928CD /* CPTFill.h */ = {isa = PBXFileReference; fileEncoding = 4; lastKnownFileType = sourcecode.c.h; path = CPTFill.h; sourceTree = "<group>"; };
		24F135D419077052005928CD /* CPTFunctionDataSource.h */ = {isa = PBXFileReference; fileEncoding = 4; lastKnownFileType = sourcecode.c.h; path = CPTFunctionDataSource.h; sourceTree = "<group>"; };
		24F135D519077052005928CD /* CPTGradient.h */ = {isa = PBXFileReference; fileEncoding = 4; lastKnownFileType = sourcecode.c.h; path = CPTGradient.h; sourceTree = "<group>"; };
		24F135D619077052005928CD /* CPTGraph.h */ = {isa = PBXFileReference; fileEncoding = 4; lastKnownFileType = sourcecode.c.h; path = CPTGraph.h; sourceTree = "<group>"; };
		24F135D719077052005928CD /* CPTGraphHostingView.h */ = {isa = PBXFileReference; fileEncoding = 4; lastKnownFileType = sourcecode.c.h; path = CPTGraphHostingView.h; sourceTree = "<group>"; };
		24F135D819077052005928CD /* CPTGridLineGroup.h */ = {isa = PBXFileReference; fileEncoding = 4; lastKnownFileType = sourcecode.c.h; path = CPTGridLineGroup.h; sourceTree = "<group>"; };
		24F135D919077052005928CD /* CPTGridLines.h */ = {isa = PBXFileReference; fileEncoding = 4; lastKnownFileType = sourcecode.c.h; path = CPTGridLines.h; sourceTree = "<group>"; };
		24F135DA19077052005928CD /* CPTImage.h */ = {isa = PBXFileReference; fileEncoding = 4; lastKnownFileType = sourcecode.c.h; path = CPTImage.h; sourceTree = "<group>"; };
		24F135DB19077052005928CD /* CPTLayer.h */ = {isa = PBXFileReference; fileEncoding = 4; lastKnownFileType = sourcecode.c.h; path = CPTLayer.h; sourceTree = "<group>"; };
		24F135DC19077052005928CD /* CPTLayerAnnotation.h */ = {isa = PBXFileReference; fileEncoding = 4; lastKnownFileType = sourcecode.c.h; path = CPTLayerAnnotation.h; sourceTree = "<group>"; };
		24F135DD19077052005928CD /* CPTLegend.h */ = {isa = PBXFileReference; fileEncoding = 4; lastKnownFileType = sourcecode.c.h; path = CPTLegend.h; sourceTree = "<group>"; };
		24F135DE19077052005928CD /* CPTLegendEntry.h */ = {isa = PBXFileReference; fileEncoding = 4; lastKnownFileType = sourcecode.c.h; path = CPTLegendEntry.h; sourceTree = "<group>"; };
		24F135DF19077052005928CD /* CPTLimitBand.h */ = {isa = PBXFileReference; fileEncoding = 4; lastKnownFileType = sourcecode.c.h; path = CPTLimitBand.h; sourceTree = "<group>"; };
		24F135E019077052005928CD /* CPTLineCap.h */ = {isa = PBXFileReference; fileEncoding = 4; lastKnownFileType = sourcecode.c.h; path = CPTLineCap.h; sourceTree = "<group>"; };
		24F135E119077052005928CD /* CPTLineStyle.h */ = {isa = PBXFileReference; fileEncoding = 4; lastKnownFileType = sourcecode.c.h; path = CPTLineStyle.h; sourceTree = "<group>"; };
		24F135E219077052005928CD /* CPTMutableLineStyle.h */ = {isa = PBXFileReference; fileEncoding = 4; lastKnownFileType = sourcecode.c.h; path = CPTMutableLineStyle.h; sourceTree = "<group>"; };
		24F135E319077052005928CD /* CPTMutableNumericData+TypeConversion.h */ = {isa = PBXFileReference; fileEncoding = 4; lastKnownFileType = sourcecode.c.h; path = "CPTMutableNumericData+TypeConversion.h"; sourceTree = "<group>"; };
		24F135E419077052005928CD /* CPTMutableNumericData.h */ = {isa = PBXFileReference; fileEncoding = 4; lastKnownFileType = sourcecode.c.h; path = CPTMutableNumericData.h; sourceTree = "<group>"; };
		24F135E519077052005928CD /* CPTMutablePlotRange.h */ = {isa = PBXFileReference; fileEncoding = 4; lastKnownFileType = sourcecode.c.h; path = CPTMutablePlotRange.h; sourceTree = "<group>"; };
		24F135E619077052005928CD /* CPTMutableShadow.h */ = {isa = PBXFileReference; fileEncoding = 4; lastKnownFileType = sourcecode.c.h; path = CPTMutableShadow.h; sourceTree = "<group>"; };
		24F135E719077052005928CD /* CPTMutableTextStyle.h */ = {isa = PBXFileReference; fileEncoding = 4; lastKnownFileType = sourcecode.c.h; path = CPTMutableTextStyle.h; sourceTree = "<group>"; };
		24F135E819077052005928CD /* CPTNumericData+TypeConversion.h */ = {isa = PBXFileReference; fileEncoding = 4; lastKnownFileType = sourcecode.c.h; path = "CPTNumericData+TypeConversion.h"; sourceTree = "<group>"; };
		24F135E919077052005928CD /* CPTNumericData.h */ = {isa = PBXFileReference; fileEncoding = 4; lastKnownFileType = sourcecode.c.h; path = CPTNumericData.h; sourceTree = "<group>"; };
		24F135EA19077052005928CD /* CPTNumericDataType.h */ = {isa = PBXFileReference; fileEncoding = 4; lastKnownFileType = sourcecode.c.h; path = CPTNumericDataType.h; sourceTree = "<group>"; };
		24F135EB19077052005928CD /* CPTPathExtensions.h */ = {isa = PBXFileReference; fileEncoding = 4; lastKnownFileType = sourcecode.c.h; path = CPTPathExtensions.h; sourceTree = "<group>"; };
		24F135EC19077052005928CD /* CPTPieChart.h */ = {isa = PBXFileReference; fileEncoding = 4; lastKnownFileType = sourcecode.c.h; path = CPTPieChart.h; sourceTree = "<group>"; };
		24F135ED19077052005928CD /* CPTPlatformSpecificCategories.h */ = {isa = PBXFileReference; fileEncoding = 4; lastKnownFileType = sourcecode.c.h; path = CPTPlatformSpecificCategories.h; sourceTree = "<group>"; };
		24F135EE19077052005928CD /* CPTPlatformSpecificDefines.h */ = {isa = PBXFileReference; fileEncoding = 4; lastKnownFileType = sourcecode.c.h; path = CPTPlatformSpecificDefines.h; sourceTree = "<group>"; };
		24F135EF19077052005928CD /* CPTPlatformSpecificFunctions.h */ = {isa = PBXFileReference; fileEncoding = 4; lastKnownFileType = sourcecode.c.h; path = CPTPlatformSpecificFunctions.h; sourceTree = "<group>"; };
		24F135F019077052005928CD /* CPTPlot.h */ = {isa = PBXFileReference; fileEncoding = 4; lastKnownFileType = sourcecode.c.h; path = CPTPlot.h; sourceTree = "<group>"; };
		24F135F119077052005928CD /* CPTPlotArea.h */ = {isa = PBXFileReference; fileEncoding = 4; lastKnownFileType = sourcecode.c.h; path = CPTPlotArea.h; sourceTree = "<group>"; };
		24F135F219077052005928CD /* CPTPlotAreaFrame.h */ = {isa = PBXFileReference; fileEncoding = 4; lastKnownFileType = sourcecode.c.h; path = CPTPlotAreaFrame.h; sourceTree = "<group>"; };
		24F135F319077052005928CD /* CPTPlotGroup.h */ = {isa = PBXFileReference; fileEncoding = 4; lastKnownFileType = sourcecode.c.h; path = CPTPlotGroup.h; sourceTree = "<group>"; };
		24F135F419077052005928CD /* CPTPlotRange.h */ = {isa = PBXFileReference; fileEncoding = 4; lastKnownFileType = sourcecode.c.h; path = CPTPlotRange.h; sourceTree = "<group>"; };
		24F135F519077052005928CD /* CPTPlotSpace.h */ = {isa = PBXFileReference; fileEncoding = 4; lastKnownFileType = sourcecode.c.h; path = CPTPlotSpace.h; sourceTree = "<group>"; };
		24F135F619077052005928CD /* CPTPlotSpaceAnnotation.h */ = {isa = PBXFileReference; fileEncoding = 4; lastKnownFileType = sourcecode.c.h; path = CPTPlotSpaceAnnotation.h; sourceTree = "<group>"; };
		24F135F719077052005928CD /* CPTPlotSymbol.h */ = {isa = PBXFileReference; fileEncoding = 4; lastKnownFileType = sourcecode.c.h; path = CPTPlotSymbol.h; sourceTree = "<group>"; };
		24F135F819077052005928CD /* CPTRangePlot.h */ = {isa = PBXFileReference; fileEncoding = 4; lastKnownFileType = sourcecode.c.h; path = CPTRangePlot.h; sourceTree = "<group>"; };
		24F135F919077052005928CD /* CPTResponder.h */ = {isa = PBXFileReference; fileEncoding = 4; lastKnownFileType = sourcecode.c.h; path = CPTResponder.h; sourceTree = "<group>"; };
		24F135FA19077052005928CD /* CPTScatterPlot.h */ = {isa = PBXFileReference; fileEncoding = 4; lastKnownFileType = sourcecode.c.h; path = CPTScatterPlot.h; sourceTree = "<group>"; };
		24F135FB19077052005928CD /* CPTShadow.h */ = {isa = PBXFileReference; fileEncoding = 4; lastKnownFileType = sourcecode.c.h; path = CPTShadow.h; sourceTree = "<group>"; };
		24F135FC19077052005928CD /* CPTTestCase.h */ = {isa = PBXFileReference; fileEncoding = 4; lastKnownFileType = sourcecode.c.h; path = CPTTestCase.h; sourceTree = "<group>"; };
		24F135FD19077052005928CD /* CPTTextLayer.h */ = {isa = PBXFileReference; fileEncoding = 4; lastKnownFileType = sourcecode.c.h; path = CPTTextLayer.h; sourceTree = "<group>"; };
		24F135FE19077052005928CD /* CPTTextStyle.h */ = {isa = PBXFileReference; fileEncoding = 4; lastKnownFileType = sourcecode.c.h; path = CPTTextStyle.h; sourceTree = "<group>"; };
		24F135FF19077052005928CD /* CPTTextStylePlatformSpecific.h */ = {isa = PBXFileReference; fileEncoding = 4; lastKnownFileType = sourcecode.c.h; path = CPTTextStylePlatformSpecific.h; sourceTree = "<group>"; };
		24F1360019077052005928CD /* CPTTheme.h */ = {isa = PBXFileReference; fileEncoding = 4; lastKnownFileType = sourcecode.c.h; path = CPTTheme.h; sourceTree = "<group>"; };
		24F1360119077052005928CD /* CPTTimeFormatter.h */ = {isa = PBXFileReference; fileEncoding = 4; lastKnownFileType = sourcecode.c.h; path = CPTTimeFormatter.h; sourceTree = "<group>"; };
		24F1360219077052005928CD /* CPTTradingRangePlot.h */ = {isa = PBXFileReference; fileEncoding = 4; lastKnownFileType = sourcecode.c.h; path = CPTTradingRangePlot.h; sourceTree = "<group>"; };
		24F1360319077052005928CD /* CPTUtilities.h */ = {isa = PBXFileReference; fileEncoding = 4; lastKnownFileType = sourcecode.c.h; path = CPTUtilities.h; sourceTree = "<group>"; };
		24F1360419077052005928CD /* CPTXYAxis.h */ = {isa = PBXFileReference; fileEncoding = 4; lastKnownFileType = sourcecode.c.h; path = CPTXYAxis.h; sourceTree = "<group>"; };
		24F1360519077052005928CD /* CPTXYAxisSet.h */ = {isa = PBXFileReference; fileEncoding = 4; lastKnownFileType = sourcecode.c.h; path = CPTXYAxisSet.h; sourceTree = "<group>"; };
		24F1360619077052005928CD /* CPTXYGraph.h */ = {isa = PBXFileReference; fileEncoding = 4; lastKnownFileType = sourcecode.c.h; path = CPTXYGraph.h; sourceTree = "<group>"; };
		24F1360719077052005928CD /* CPTXYPlotSpace.h */ = {isa = PBXFileReference; fileEncoding = 4; lastKnownFileType = sourcecode.c.h; path = CPTXYPlotSpace.h; sourceTree = "<group>"; };
		24F1360819077052005928CD /* mainpage.h */ = {isa = PBXFileReference; fileEncoding = 4; lastKnownFileType = sourcecode.c.h; path = mainpage.h; sourceTree = "<group>"; };
		24F1360919077052005928CD /* NSCoderExtensions.h */ = {isa = PBXFileReference; fileEncoding = 4; lastKnownFileType = sourcecode.c.h; path = NSCoderExtensions.h; sourceTree = "<group>"; };
		24F1360A19077052005928CD /* NSDecimalNumberExtensions.h */ = {isa = PBXFileReference; fileEncoding = 4; lastKnownFileType = sourcecode.c.h; path = NSDecimalNumberExtensions.h; sourceTree = "<group>"; };
		24F1360B19077052005928CD /* NSNumberExtensions.h */ = {isa = PBXFileReference; fileEncoding = 4; lastKnownFileType = sourcecode.c.h; path = NSNumberExtensions.h; sourceTree = "<group>"; };
		24F1360C19077052005928CD /* libCorePlot-CocoaTouch.a */ = {isa = PBXFileReference; lastKnownFileType = archive.ar; path = "libCorePlot-CocoaTouch.a"; sourceTree = "<group>"; };
		434D4B38190CF498002995AC /* UIKit+DrawingHelpers.m */ = {isa = PBXFileReference; fileEncoding = 4; lastKnownFileType = sourcecode.c.objc; path = "UIKit+DrawingHelpers.m"; sourceTree = "<group>"; };
		434D4B3A190CF4A0002995AC /* UIKit+DrawingHelpers.h */ = {isa = PBXFileReference; lastKnownFileType = sourcecode.c.h; path = "UIKit+DrawingHelpers.h"; sourceTree = "<group>"; };
		434D4B3B190CF4E3002995AC /* LCLegendView.h */ = {isa = PBXFileReference; fileEncoding = 4; lastKnownFileType = sourcecode.c.h; path = LCLegendView.h; sourceTree = "<group>"; };
		434D4B3C190CF4E3002995AC /* LCLegendView.m */ = {isa = PBXFileReference; fileEncoding = 4; lastKnownFileType = sourcecode.c.objc; path = LCLegendView.m; sourceTree = "<group>"; };
		434D4B3D190CF4E3002995AC /* LCLineChartView.h */ = {isa = PBXFileReference; fileEncoding = 4; lastKnownFileType = sourcecode.c.h; path = LCLineChartView.h; sourceTree = "<group>"; };
		434D4B3E190CF4E3002995AC /* LCLineChartView.m */ = {isa = PBXFileReference; fileEncoding = 4; lastKnownFileType = sourcecode.c.objc; path = LCLineChartView.m; sourceTree = "<group>"; };
		434D4B41190CF4EE002995AC /* LCInfoView.h */ = {isa = PBXFileReference; fileEncoding = 4; lastKnownFileType = sourcecode.c.h; path = LCInfoView.h; sourceTree = "<group>"; };
		434D4B42190CF4EE002995AC /* LCInfoView.m */ = {isa = PBXFileReference; fileEncoding = 4; lastKnownFileType = sourcecode.c.objc; path = LCInfoView.m; sourceTree = "<group>"; };
		439139BA192D61BD002158D5 /* CFIXViewController.h */ = {isa = PBXFileReference; fileEncoding = 4; lastKnownFileType = sourcecode.c.h; path = CFIXViewController.h; sourceTree = "<group>"; };
		439139BB192D61BD002158D5 /* CFIXViewController.m */ = {isa = PBXFileReference; fileEncoding = 4; lastKnownFileType = sourcecode.c.objc; path = CFIXViewController.m; sourceTree = "<group>"; };
		439139BC192D61BD002158D5 /* CFIXViewController.xib */ = {isa = PBXFileReference; fileEncoding = 4; lastKnownFileType = file.xib; path = CFIXViewController.xib; sourceTree = "<group>"; };
		4399CB0F1903E83900D6346F /* CorePlot-CocoaTouch.h */ = {isa = PBXFileReference; lastKnownFileType = sourcecode.c.h; path = "CorePlot-CocoaTouch.h"; sourceTree = "<group>"; };
		4399CB101903E83900D6346F /* CPTAnimation.h */ = {isa = PBXFileReference; lastKnownFileType = sourcecode.c.h; path = CPTAnimation.h; sourceTree = "<group>"; };
		4399CB111903E83900D6346F /* CPTAnimationOperation.h */ = {isa = PBXFileReference; lastKnownFileType = sourcecode.c.h; path = CPTAnimationOperation.h; sourceTree = "<group>"; };
		4399CB121903E83900D6346F /* CPTAnimationPeriod.h */ = {isa = PBXFileReference; lastKnownFileType = sourcecode.c.h; path = CPTAnimationPeriod.h; sourceTree = "<group>"; };
		4399CB131903E83900D6346F /* CPTAnnotation.h */ = {isa = PBXFileReference; lastKnownFileType = sourcecode.c.h; path = CPTAnnotation.h; sourceTree = "<group>"; };
		4399CB141903E83900D6346F /* CPTAnnotationHostLayer.h */ = {isa = PBXFileReference; lastKnownFileType = sourcecode.c.h; path = CPTAnnotationHostLayer.h; sourceTree = "<group>"; };
		4399CB151903E83900D6346F /* CPTAxis.h */ = {isa = PBXFileReference; lastKnownFileType = sourcecode.c.h; path = CPTAxis.h; sourceTree = "<group>"; };
		4399CB161903E83900D6346F /* CPTAxisLabel.h */ = {isa = PBXFileReference; lastKnownFileType = sourcecode.c.h; path = CPTAxisLabel.h; sourceTree = "<group>"; };
		4399CB171903E83900D6346F /* CPTAxisLabelGroup.h */ = {isa = PBXFileReference; lastKnownFileType = sourcecode.c.h; path = CPTAxisLabelGroup.h; sourceTree = "<group>"; };
		4399CB181903E83900D6346F /* CPTAxisSet.h */ = {isa = PBXFileReference; lastKnownFileType = sourcecode.c.h; path = CPTAxisSet.h; sourceTree = "<group>"; };
		4399CB191903E83900D6346F /* CPTAxisTitle.h */ = {isa = PBXFileReference; lastKnownFileType = sourcecode.c.h; path = CPTAxisTitle.h; sourceTree = "<group>"; };
		4399CB1A1903E83900D6346F /* CPTBarPlot.h */ = {isa = PBXFileReference; lastKnownFileType = sourcecode.c.h; path = CPTBarPlot.h; sourceTree = "<group>"; };
		4399CB1B1903E83900D6346F /* CPTBorderedLayer.h */ = {isa = PBXFileReference; lastKnownFileType = sourcecode.c.h; path = CPTBorderedLayer.h; sourceTree = "<group>"; };
		4399CB1C1903E83900D6346F /* CPTCalendarFormatter.h */ = {isa = PBXFileReference; lastKnownFileType = sourcecode.c.h; path = CPTCalendarFormatter.h; sourceTree = "<group>"; };
		4399CB1D1903E83900D6346F /* CPTColor.h */ = {isa = PBXFileReference; lastKnownFileType = sourcecode.c.h; path = CPTColor.h; sourceTree = "<group>"; };
		4399CB1E1903E83900D6346F /* CPTColorSpace.h */ = {isa = PBXFileReference; lastKnownFileType = sourcecode.c.h; path = CPTColorSpace.h; sourceTree = "<group>"; };
		4399CB1F1903E83900D6346F /* CPTConstraints.h */ = {isa = PBXFileReference; lastKnownFileType = sourcecode.c.h; path = CPTConstraints.h; sourceTree = "<group>"; };
		4399CB201903E83900D6346F /* CPTDataSourceTestCase.h */ = {isa = PBXFileReference; lastKnownFileType = sourcecode.c.h; path = CPTDataSourceTestCase.h; sourceTree = "<group>"; };
		4399CB211903E83900D6346F /* CPTDefinitions.h */ = {isa = PBXFileReference; lastKnownFileType = sourcecode.c.h; path = CPTDefinitions.h; sourceTree = "<group>"; };
		4399CB221903E83900D6346F /* CPTDerivedXYGraph.h */ = {isa = PBXFileReference; lastKnownFileType = sourcecode.c.h; path = CPTDerivedXYGraph.h; sourceTree = "<group>"; };
		4399CB231903E83900D6346F /* CPTExceptions.h */ = {isa = PBXFileReference; lastKnownFileType = sourcecode.c.h; path = CPTExceptions.h; sourceTree = "<group>"; };
		4399CB241903E83900D6346F /* CPTFill.h */ = {isa = PBXFileReference; lastKnownFileType = sourcecode.c.h; path = CPTFill.h; sourceTree = "<group>"; };
		4399CB251903E83900D6346F /* CPTFunctionDataSource.h */ = {isa = PBXFileReference; lastKnownFileType = sourcecode.c.h; path = CPTFunctionDataSource.h; sourceTree = "<group>"; };
		4399CB261903E83900D6346F /* CPTGradient.h */ = {isa = PBXFileReference; lastKnownFileType = sourcecode.c.h; path = CPTGradient.h; sourceTree = "<group>"; };
		4399CB271903E83900D6346F /* CPTGraph.h */ = {isa = PBXFileReference; lastKnownFileType = sourcecode.c.h; path = CPTGraph.h; sourceTree = "<group>"; };
		4399CB281903E83900D6346F /* CPTGraphHostingView.h */ = {isa = PBXFileReference; lastKnownFileType = sourcecode.c.h; path = CPTGraphHostingView.h; sourceTree = "<group>"; };
		4399CB291903E83900D6346F /* CPTGridLineGroup.h */ = {isa = PBXFileReference; lastKnownFileType = sourcecode.c.h; path = CPTGridLineGroup.h; sourceTree = "<group>"; };
		4399CB2A1903E83900D6346F /* CPTGridLines.h */ = {isa = PBXFileReference; lastKnownFileType = sourcecode.c.h; path = CPTGridLines.h; sourceTree = "<group>"; };
		4399CB2B1903E83900D6346F /* CPTImage.h */ = {isa = PBXFileReference; lastKnownFileType = sourcecode.c.h; path = CPTImage.h; sourceTree = "<group>"; };
		4399CB2C1903E83900D6346F /* CPTLayer.h */ = {isa = PBXFileReference; lastKnownFileType = sourcecode.c.h; path = CPTLayer.h; sourceTree = "<group>"; };
		4399CB2D1903E83900D6346F /* CPTLayerAnnotation.h */ = {isa = PBXFileReference; lastKnownFileType = sourcecode.c.h; path = CPTLayerAnnotation.h; sourceTree = "<group>"; };
		4399CB2E1903E83900D6346F /* CPTLegend.h */ = {isa = PBXFileReference; lastKnownFileType = sourcecode.c.h; path = CPTLegend.h; sourceTree = "<group>"; };
		4399CB2F1903E83900D6346F /* CPTLegendEntry.h */ = {isa = PBXFileReference; lastKnownFileType = sourcecode.c.h; path = CPTLegendEntry.h; sourceTree = "<group>"; };
		4399CB301903E83900D6346F /* CPTLimitBand.h */ = {isa = PBXFileReference; lastKnownFileType = sourcecode.c.h; path = CPTLimitBand.h; sourceTree = "<group>"; };
		4399CB311903E83900D6346F /* CPTLineCap.h */ = {isa = PBXFileReference; lastKnownFileType = sourcecode.c.h; path = CPTLineCap.h; sourceTree = "<group>"; };
		4399CB321903E83900D6346F /* CPTLineStyle.h */ = {isa = PBXFileReference; lastKnownFileType = sourcecode.c.h; path = CPTLineStyle.h; sourceTree = "<group>"; };
		4399CB331903E83900D6346F /* CPTMutableLineStyle.h */ = {isa = PBXFileReference; lastKnownFileType = sourcecode.c.h; path = CPTMutableLineStyle.h; sourceTree = "<group>"; };
		4399CB341903E83900D6346F /* CPTMutableNumericData+TypeConversion.h */ = {isa = PBXFileReference; lastKnownFileType = sourcecode.c.h; path = "CPTMutableNumericData+TypeConversion.h"; sourceTree = "<group>"; };
		4399CB351903E83900D6346F /* CPTMutableNumericData.h */ = {isa = PBXFileReference; lastKnownFileType = sourcecode.c.h; path = CPTMutableNumericData.h; sourceTree = "<group>"; };
		4399CB361903E83900D6346F /* CPTMutablePlotRange.h */ = {isa = PBXFileReference; lastKnownFileType = sourcecode.c.h; path = CPTMutablePlotRange.h; sourceTree = "<group>"; };
		4399CB371903E83900D6346F /* CPTMutableShadow.h */ = {isa = PBXFileReference; lastKnownFileType = sourcecode.c.h; path = CPTMutableShadow.h; sourceTree = "<group>"; };
		4399CB381903E83900D6346F /* CPTMutableTextStyle.h */ = {isa = PBXFileReference; lastKnownFileType = sourcecode.c.h; path = CPTMutableTextStyle.h; sourceTree = "<group>"; };
		4399CB391903E83900D6346F /* CPTNumericData+TypeConversion.h */ = {isa = PBXFileReference; lastKnownFileType = sourcecode.c.h; path = "CPTNumericData+TypeConversion.h"; sourceTree = "<group>"; };
		4399CB3A1903E83900D6346F /* CPTNumericData.h */ = {isa = PBXFileReference; lastKnownFileType = sourcecode.c.h; path = CPTNumericData.h; sourceTree = "<group>"; };
		4399CB3B1903E83900D6346F /* CPTNumericDataType.h */ = {isa = PBXFileReference; lastKnownFileType = sourcecode.c.h; path = CPTNumericDataType.h; sourceTree = "<group>"; };
		4399CB3C1903E83900D6346F /* CPTPathExtensions.h */ = {isa = PBXFileReference; lastKnownFileType = sourcecode.c.h; path = CPTPathExtensions.h; sourceTree = "<group>"; };
		4399CB3D1903E83900D6346F /* CPTPieChart.h */ = {isa = PBXFileReference; lastKnownFileType = sourcecode.c.h; path = CPTPieChart.h; sourceTree = "<group>"; };
		4399CB3E1903E83900D6346F /* CPTPlatformSpecificCategories.h */ = {isa = PBXFileReference; lastKnownFileType = sourcecode.c.h; path = CPTPlatformSpecificCategories.h; sourceTree = "<group>"; };
		4399CB3F1903E83900D6346F /* CPTPlatformSpecificDefines.h */ = {isa = PBXFileReference; lastKnownFileType = sourcecode.c.h; path = CPTPlatformSpecificDefines.h; sourceTree = "<group>"; };
		4399CB401903E83900D6346F /* CPTPlatformSpecificFunctions.h */ = {isa = PBXFileReference; lastKnownFileType = sourcecode.c.h; path = CPTPlatformSpecificFunctions.h; sourceTree = "<group>"; };
		4399CB411903E83900D6346F /* CPTPlot.h */ = {isa = PBXFileReference; lastKnownFileType = sourcecode.c.h; path = CPTPlot.h; sourceTree = "<group>"; };
		4399CB421903E83900D6346F /* CPTPlotArea.h */ = {isa = PBXFileReference; lastKnownFileType = sourcecode.c.h; path = CPTPlotArea.h; sourceTree = "<group>"; };
		4399CB431903E83900D6346F /* CPTPlotAreaFrame.h */ = {isa = PBXFileReference; lastKnownFileType = sourcecode.c.h; path = CPTPlotAreaFrame.h; sourceTree = "<group>"; };
		4399CB441903E83900D6346F /* CPTPlotGroup.h */ = {isa = PBXFileReference; lastKnownFileType = sourcecode.c.h; path = CPTPlotGroup.h; sourceTree = "<group>"; };
		4399CB451903E83900D6346F /* CPTPlotRange.h */ = {isa = PBXFileReference; lastKnownFileType = sourcecode.c.h; path = CPTPlotRange.h; sourceTree = "<group>"; };
		4399CB461903E83900D6346F /* CPTPlotSpace.h */ = {isa = PBXFileReference; lastKnownFileType = sourcecode.c.h; path = CPTPlotSpace.h; sourceTree = "<group>"; };
		4399CB471903E83900D6346F /* CPTPlotSpaceAnnotation.h */ = {isa = PBXFileReference; lastKnownFileType = sourcecode.c.h; path = CPTPlotSpaceAnnotation.h; sourceTree = "<group>"; };
		4399CB481903E83900D6346F /* CPTPlotSymbol.h */ = {isa = PBXFileReference; lastKnownFileType = sourcecode.c.h; path = CPTPlotSymbol.h; sourceTree = "<group>"; };
		4399CB491903E83900D6346F /* CPTRangePlot.h */ = {isa = PBXFileReference; lastKnownFileType = sourcecode.c.h; path = CPTRangePlot.h; sourceTree = "<group>"; };
		4399CB4A1903E83900D6346F /* CPTResponder.h */ = {isa = PBXFileReference; lastKnownFileType = sourcecode.c.h; path = CPTResponder.h; sourceTree = "<group>"; };
		4399CB4B1903E83900D6346F /* CPTScatterPlot.h */ = {isa = PBXFileReference; lastKnownFileType = sourcecode.c.h; path = CPTScatterPlot.h; sourceTree = "<group>"; };
		4399CB4C1903E83900D6346F /* CPTShadow.h */ = {isa = PBXFileReference; lastKnownFileType = sourcecode.c.h; path = CPTShadow.h; sourceTree = "<group>"; };
		4399CB4D1903E83900D6346F /* CPTTestCase.h */ = {isa = PBXFileReference; lastKnownFileType = sourcecode.c.h; path = CPTTestCase.h; sourceTree = "<group>"; };
		4399CB4E1903E83900D6346F /* CPTTextLayer.h */ = {isa = PBXFileReference; lastKnownFileType = sourcecode.c.h; path = CPTTextLayer.h; sourceTree = "<group>"; };
		4399CB4F1903E83900D6346F /* CPTTextStyle.h */ = {isa = PBXFileReference; lastKnownFileType = sourcecode.c.h; path = CPTTextStyle.h; sourceTree = "<group>"; };
		4399CB501903E83900D6346F /* CPTTextStylePlatformSpecific.h */ = {isa = PBXFileReference; lastKnownFileType = sourcecode.c.h; path = CPTTextStylePlatformSpecific.h; sourceTree = "<group>"; };
		4399CB511903E83900D6346F /* CPTTheme.h */ = {isa = PBXFileReference; lastKnownFileType = sourcecode.c.h; path = CPTTheme.h; sourceTree = "<group>"; };
		4399CB521903E83900D6346F /* CPTTimeFormatter.h */ = {isa = PBXFileReference; lastKnownFileType = sourcecode.c.h; path = CPTTimeFormatter.h; sourceTree = "<group>"; };
		4399CB531903E83900D6346F /* CPTTradingRangePlot.h */ = {isa = PBXFileReference; lastKnownFileType = sourcecode.c.h; path = CPTTradingRangePlot.h; sourceTree = "<group>"; };
		4399CB541903E83900D6346F /* CPTUtilities.h */ = {isa = PBXFileReference; lastKnownFileType = sourcecode.c.h; path = CPTUtilities.h; sourceTree = "<group>"; };
		4399CB551903E83900D6346F /* CPTXYAxis.h */ = {isa = PBXFileReference; lastKnownFileType = sourcecode.c.h; path = CPTXYAxis.h; sourceTree = "<group>"; };
		4399CB561903E83900D6346F /* CPTXYAxisSet.h */ = {isa = PBXFileReference; lastKnownFileType = sourcecode.c.h; path = CPTXYAxisSet.h; sourceTree = "<group>"; };
		4399CB571903E83900D6346F /* CPTXYGraph.h */ = {isa = PBXFileReference; lastKnownFileType = sourcecode.c.h; path = CPTXYGraph.h; sourceTree = "<group>"; };
		4399CB581903E83900D6346F /* CPTXYPlotSpace.h */ = {isa = PBXFileReference; lastKnownFileType = sourcecode.c.h; path = CPTXYPlotSpace.h; sourceTree = "<group>"; };
		4399CB591903E83900D6346F /* mainpage.h */ = {isa = PBXFileReference; lastKnownFileType = sourcecode.c.h; path = mainpage.h; sourceTree = "<group>"; };
		4399CB5A1903E83900D6346F /* NSCoderExtensions.h */ = {isa = PBXFileReference; lastKnownFileType = sourcecode.c.h; path = NSCoderExtensions.h; sourceTree = "<group>"; };
		4399CB5B1903E83900D6346F /* NSDecimalNumberExtensions.h */ = {isa = PBXFileReference; lastKnownFileType = sourcecode.c.h; path = NSDecimalNumberExtensions.h; sourceTree = "<group>"; };
		4399CB5C1903E83900D6346F /* NSNumberExtensions.h */ = {isa = PBXFileReference; lastKnownFileType = sourcecode.c.h; path = NSNumberExtensions.h; sourceTree = "<group>"; };
		4399CB5D1903E83900D6346F /* libCorePlot-CocoaTouch.a */ = {isa = PBXFileReference; lastKnownFileType = archive.ar; name = "libCorePlot-CocoaTouch.a"; path = "../../Downloads/CorePlot_1.4/Binaries/iOS/libCorePlot-CocoaTouch.a"; sourceTree = "<group>"; };
		4399CBAE1903F1D700D6346F /* QuartzCore.framework */ = {isa = PBXFileReference; lastKnownFileType = wrapper.framework; name = QuartzCore.framework; path = System/Library/Frameworks/QuartzCore.framework; sourceTree = SDKROOT; };
		80BB1660192E124E009A36BF /* DLPieChart.h */ = {isa = PBXFileReference; fileEncoding = 4; lastKnownFileType = sourcecode.c.h; path = DLPieChart.h; sourceTree = "<group>"; };
		80BB1661192E124E009A36BF /* DLPieChart.m */ = {isa = PBXFileReference; fileEncoding = 4; lastKnownFileType = sourcecode.c.objc; path = DLPieChart.m; sourceTree = "<group>"; };
		80BB1663192E1325009A36BF /* CFIXPieChartViewController.h */ = {isa = PBXFileReference; fileEncoding = 4; lastKnownFileType = sourcecode.c.h; path = CFIXPieChartViewController.h; sourceTree = "<group>"; };
		80BB1664192E1325009A36BF /* CFIXPieChartViewController.m */ = {isa = PBXFileReference; fileEncoding = 4; lastKnownFileType = sourcecode.c.objc; path = CFIXPieChartViewController.m; sourceTree = "<group>"; };
/* End PBXFileReference section */

/* Begin PBXFrameworksBuildPhase section */
		24CC72F218FBA31D00799FCB /* Frameworks */ = {
			isa = PBXFrameworksBuildPhase;
			buildActionMask = 2147483647;
			files = (
				249E97A5190BA56C0027D779 /* CoreData.framework in Frameworks */,
				4399CBAF1903F1D700D6346F /* QuartzCore.framework in Frameworks */,
				4399CB5E1903E86F00D6346F /* libCorePlot-CocoaTouch.a in Frameworks */,
				24CC72FB18FBA31D00799FCB /* CoreGraphics.framework in Frameworks */,
				24CC72FD18FBA31D00799FCB /* UIKit.framework in Frameworks */,
				24CC72F918FBA31D00799FCB /* Foundation.framework in Frameworks */,
				24F1360D19077052005928CD /* libCorePlot-CocoaTouch.a in Frameworks */,
			);
			runOnlyForDeploymentPostprocessing = 0;
		};
		24CC730D18FBA31D00799FCB /* Frameworks */ = {
			isa = PBXFrameworksBuildPhase;
			buildActionMask = 2147483647;
			files = (
				24CC731218FBA31D00799FCB /* XCTest.framework in Frameworks */,
				24CC731418FBA31D00799FCB /* UIKit.framework in Frameworks */,
				24CC731318FBA31D00799FCB /* Foundation.framework in Frameworks */,
			);
			runOnlyForDeploymentPostprocessing = 0;
		};
/* End PBXFrameworksBuildPhase section */

/* Begin PBXGroup section */
		24CC72EC18FBA31D00799FCB = {
			isa = PBXGroup;
			children = (
				24CC72FE18FBA31D00799FCB /* CaffeineFix */,
				24CC731718FBA31D00799FCB /* CaffeineFixTests */,
				24CC72F718FBA31D00799FCB /* Frameworks */,
				24CC72F618FBA31D00799FCB /* Products */,
			);
			sourceTree = "<group>";
		};
		24CC72F618FBA31D00799FCB /* Products */ = {
			isa = PBXGroup;
			children = (
				24CC72F518FBA31D00799FCB /* CaffeineFix.app */,
				24CC731018FBA31D00799FCB /* CaffeineFixTests.xctest */,
			);
			name = Products;
			sourceTree = "<group>";
		};
		24CC72F718FBA31D00799FCB /* Frameworks */ = {
			isa = PBXGroup;
			children = (
				249E97A4190BA56C0027D779 /* CoreData.framework */,
				24F135BD19077052005928CD /* CorePlotHeaders */,
				24F1360C19077052005928CD /* libCorePlot-CocoaTouch.a */,
				4399CBAE1903F1D700D6346F /* QuartzCore.framework */,
				4399CB0E1903E83900D6346F /* CorePlotHeaders */,
				4399CB5D1903E83900D6346F /* libCorePlot-CocoaTouch.a */,
				24CC72F818FBA31D00799FCB /* Foundation.framework */,
				24CC72FA18FBA31D00799FCB /* CoreGraphics.framework */,
				24CC72FC18FBA31D00799FCB /* UIKit.framework */,
				24CC731118FBA31D00799FCB /* XCTest.framework */,
			);
			name = Frameworks;
			sourceTree = "<group>";
		};
		24CC72FE18FBA31D00799FCB /* CaffeineFix */ = {
			isa = PBXGroup;
			children = (
				24BC48F919036A420052EFA8 /* CFIXAddNewItemViewController.h */,
				24BC48FA19036A420052EFA8 /* CFIXAddNewItemViewController.m */,
				24BC48FB19036A420052EFA8 /* CFIXAddNewItemViewController.xib */,
				24CC730718FBA31D00799FCB /* CFIXAppDelegate.h */,
				24CC730818FBA31D00799FCB /* CFIXAppDelegate.m */,
				24BC48FE19036B010052EFA8 /* CFIXItemListTableViewController.h */,
				24BC48FF19036B010052EFA8 /* CFIXItemListTableViewController.m */,
				24BC490019036B010052EFA8 /* CFIXItemListTableViewController.xib */,
				2490343A190360EE0092D207 /* CFIXNewItem.h */,
				2490343B190360EE0092D207 /* CFIXNewItem.m */,
				24BC48F81903677F0052EFA8 /* Storyboard_iPhone.storyboard */,
				24E890A61930825E00B8111F /* CFIXTableViewCell.h */,
				24E890A71930825E00B8111F /* CFIXTableViewCell.m */,
				24E890A81930825E00B8111F /* CFIXTableViewCell.xib */,
				80BB1660192E124E009A36BF /* DLPieChart.h */,
				80BB1661192E124E009A36BF /* DLPieChart.m */,
				80BB1663192E1325009A36BF /* CFIXPieChartViewController.h */,
				80BB1664192E1325009A36BF /* CFIXPieChartViewController.m */,
				439139BA192D61BD002158D5 /* CFIXViewController.h */,
				439139BB192D61BD002158D5 /* CFIXViewController.m */,
				439139BC192D61BD002158D5 /* CFIXViewController.xib */,
				434D4B41190CF4EE002995AC /* LCInfoView.h */,
				434D4B42190CF4EE002995AC /* LCInfoView.m */,
				434D4B3B190CF4E3002995AC /* LCLegendView.h */,
				434D4B3C190CF4E3002995AC /* LCLegendView.m */,
				434D4B3D190CF4E3002995AC /* LCLineChartView.h */,
				434D4B3A190CF4A0002995AC /* UIKit+DrawingHelpers.h */,
				434D4B38190CF498002995AC /* UIKit+DrawingHelpers.m */,
				434D4B3E190CF4E3002995AC /* LCLineChartView.m */,
				24CC730A18FBA31D00799FCB /* Images.xcassets */,
				24CC72FF18FBA31D00799FCB /* Supporting Files */,
				249E97A6190BA70C0027D779 /* CFIXDataModel.xcdatamodeld */,
				24539002192C7C700099CCBF /* DrinkList.h */,
				24539003192C7C700099CCBF /* DrinkList.m */,
				24E890AB1930930C00B8111F /* Log.h */,
				24E890AC1930930C00B8111F /* Log.m */,
			);
			path = CaffeineFix;
			sourceTree = "<group>";
		};
		24CC72FF18FBA31D00799FCB /* Supporting Files */ = {
			isa = PBXGroup;
			children = (
				24CC730018FBA31D00799FCB /* CaffeineFix-Info.plist */,
				24CC730118FBA31D00799FCB /* InfoPlist.strings */,
				24CC730418FBA31D00799FCB /* main.m */,
				24CC730618FBA31D00799FCB /* CaffeineFix-Prefix.pch */,
			);
			name = "Supporting Files";
			sourceTree = "<group>";
		};
		24CC731718FBA31D00799FCB /* CaffeineFixTests */ = {
			isa = PBXGroup;
			children = (
				24CC731D18FBA31D00799FCB /* CaffeineFixTests.m */,
				24CC731818FBA31D00799FCB /* Supporting Files */,
			);
			path = CaffeineFixTests;
			sourceTree = "<group>";
		};
		24CC731818FBA31D00799FCB /* Supporting Files */ = {
			isa = PBXGroup;
			children = (
				24CC731918FBA31D00799FCB /* CaffeineFixTests-Info.plist */,
				24CC731A18FBA31D00799FCB /* InfoPlist.strings */,
			);
			name = "Supporting Files";
			sourceTree = "<group>";
		};
		24F135BD19077052005928CD /* CorePlotHeaders */ = {
			isa = PBXGroup;
			children = (
				24F135BE19077052005928CD /* CorePlot-CocoaTouch.h */,
				24F135BF19077052005928CD /* CPTAnimation.h */,
				24F135C019077052005928CD /* CPTAnimationOperation.h */,
				24F135C119077052005928CD /* CPTAnimationPeriod.h */,
				24F135C219077052005928CD /* CPTAnnotation.h */,
				24F135C319077052005928CD /* CPTAnnotationHostLayer.h */,
				24F135C419077052005928CD /* CPTAxis.h */,
				24F135C519077052005928CD /* CPTAxisLabel.h */,
				24F135C619077052005928CD /* CPTAxisLabelGroup.h */,
				24F135C719077052005928CD /* CPTAxisSet.h */,
				24F135C819077052005928CD /* CPTAxisTitle.h */,
				24F135C919077052005928CD /* CPTBarPlot.h */,
				24F135CA19077052005928CD /* CPTBorderedLayer.h */,
				24F135CB19077052005928CD /* CPTCalendarFormatter.h */,
				24F135CC19077052005928CD /* CPTColor.h */,
				24F135CD19077052005928CD /* CPTColorSpace.h */,
				24F135CE19077052005928CD /* CPTConstraints.h */,
				24F135CF19077052005928CD /* CPTDataSourceTestCase.h */,
				24F135D019077052005928CD /* CPTDefinitions.h */,
				24F135D119077052005928CD /* CPTDerivedXYGraph.h */,
				24F135D219077052005928CD /* CPTExceptions.h */,
				24F135D319077052005928CD /* CPTFill.h */,
				24F135D419077052005928CD /* CPTFunctionDataSource.h */,
				24F135D519077052005928CD /* CPTGradient.h */,
				24F135D619077052005928CD /* CPTGraph.h */,
				24F135D719077052005928CD /* CPTGraphHostingView.h */,
				24F135D819077052005928CD /* CPTGridLineGroup.h */,
				24F135D919077052005928CD /* CPTGridLines.h */,
				24F135DA19077052005928CD /* CPTImage.h */,
				24F135DB19077052005928CD /* CPTLayer.h */,
				24F135DC19077052005928CD /* CPTLayerAnnotation.h */,
				24F135DD19077052005928CD /* CPTLegend.h */,
				24F135DE19077052005928CD /* CPTLegendEntry.h */,
				24F135DF19077052005928CD /* CPTLimitBand.h */,
				24F135E019077052005928CD /* CPTLineCap.h */,
				24F135E119077052005928CD /* CPTLineStyle.h */,
				24F135E219077052005928CD /* CPTMutableLineStyle.h */,
				24F135E319077052005928CD /* CPTMutableNumericData+TypeConversion.h */,
				24F135E419077052005928CD /* CPTMutableNumericData.h */,
				24F135E519077052005928CD /* CPTMutablePlotRange.h */,
				24F135E619077052005928CD /* CPTMutableShadow.h */,
				24F135E719077052005928CD /* CPTMutableTextStyle.h */,
				24F135E819077052005928CD /* CPTNumericData+TypeConversion.h */,
				24F135E919077052005928CD /* CPTNumericData.h */,
				24F135EA19077052005928CD /* CPTNumericDataType.h */,
				24F135EB19077052005928CD /* CPTPathExtensions.h */,
				24F135EC19077052005928CD /* CPTPieChart.h */,
				24F135ED19077052005928CD /* CPTPlatformSpecificCategories.h */,
				24F135EE19077052005928CD /* CPTPlatformSpecificDefines.h */,
				24F135EF19077052005928CD /* CPTPlatformSpecificFunctions.h */,
				24F135F019077052005928CD /* CPTPlot.h */,
				24F135F119077052005928CD /* CPTPlotArea.h */,
				24F135F219077052005928CD /* CPTPlotAreaFrame.h */,
				24F135F319077052005928CD /* CPTPlotGroup.h */,
				24F135F419077052005928CD /* CPTPlotRange.h */,
				24F135F519077052005928CD /* CPTPlotSpace.h */,
				24F135F619077052005928CD /* CPTPlotSpaceAnnotation.h */,
				24F135F719077052005928CD /* CPTPlotSymbol.h */,
				24F135F819077052005928CD /* CPTRangePlot.h */,
				24F135F919077052005928CD /* CPTResponder.h */,
				24F135FA19077052005928CD /* CPTScatterPlot.h */,
				24F135FB19077052005928CD /* CPTShadow.h */,
				24F135FC19077052005928CD /* CPTTestCase.h */,
				24F135FD19077052005928CD /* CPTTextLayer.h */,
				24F135FE19077052005928CD /* CPTTextStyle.h */,
				24F135FF19077052005928CD /* CPTTextStylePlatformSpecific.h */,
				24F1360019077052005928CD /* CPTTheme.h */,
				24F1360119077052005928CD /* CPTTimeFormatter.h */,
				24F1360219077052005928CD /* CPTTradingRangePlot.h */,
				24F1360319077052005928CD /* CPTUtilities.h */,
				24F1360419077052005928CD /* CPTXYAxis.h */,
				24F1360519077052005928CD /* CPTXYAxisSet.h */,
				24F1360619077052005928CD /* CPTXYGraph.h */,
				24F1360719077052005928CD /* CPTXYPlotSpace.h */,
				24F1360819077052005928CD /* mainpage.h */,
				24F1360919077052005928CD /* NSCoderExtensions.h */,
				24F1360A19077052005928CD /* NSDecimalNumberExtensions.h */,
				24F1360B19077052005928CD /* NSNumberExtensions.h */,
			);
			path = CorePlotHeaders;
			sourceTree = "<group>";
		};
		4399CB0E1903E83900D6346F /* CorePlotHeaders */ = {
			isa = PBXGroup;
			children = (
				4399CB0F1903E83900D6346F /* CorePlot-CocoaTouch.h */,
				4399CB101903E83900D6346F /* CPTAnimation.h */,
				4399CB111903E83900D6346F /* CPTAnimationOperation.h */,
				4399CB121903E83900D6346F /* CPTAnimationPeriod.h */,
				4399CB131903E83900D6346F /* CPTAnnotation.h */,
				4399CB141903E83900D6346F /* CPTAnnotationHostLayer.h */,
				4399CB151903E83900D6346F /* CPTAxis.h */,
				4399CB161903E83900D6346F /* CPTAxisLabel.h */,
				4399CB171903E83900D6346F /* CPTAxisLabelGroup.h */,
				4399CB181903E83900D6346F /* CPTAxisSet.h */,
				4399CB191903E83900D6346F /* CPTAxisTitle.h */,
				4399CB1A1903E83900D6346F /* CPTBarPlot.h */,
				4399CB1B1903E83900D6346F /* CPTBorderedLayer.h */,
				4399CB1C1903E83900D6346F /* CPTCalendarFormatter.h */,
				4399CB1D1903E83900D6346F /* CPTColor.h */,
				4399CB1E1903E83900D6346F /* CPTColorSpace.h */,
				4399CB1F1903E83900D6346F /* CPTConstraints.h */,
				4399CB201903E83900D6346F /* CPTDataSourceTestCase.h */,
				4399CB211903E83900D6346F /* CPTDefinitions.h */,
				4399CB221903E83900D6346F /* CPTDerivedXYGraph.h */,
				4399CB231903E83900D6346F /* CPTExceptions.h */,
				4399CB241903E83900D6346F /* CPTFill.h */,
				4399CB251903E83900D6346F /* CPTFunctionDataSource.h */,
				4399CB261903E83900D6346F /* CPTGradient.h */,
				4399CB271903E83900D6346F /* CPTGraph.h */,
				4399CB281903E83900D6346F /* CPTGraphHostingView.h */,
				4399CB291903E83900D6346F /* CPTGridLineGroup.h */,
				4399CB2A1903E83900D6346F /* CPTGridLines.h */,
				4399CB2B1903E83900D6346F /* CPTImage.h */,
				4399CB2C1903E83900D6346F /* CPTLayer.h */,
				4399CB2D1903E83900D6346F /* CPTLayerAnnotation.h */,
				4399CB2E1903E83900D6346F /* CPTLegend.h */,
				4399CB2F1903E83900D6346F /* CPTLegendEntry.h */,
				4399CB301903E83900D6346F /* CPTLimitBand.h */,
				4399CB311903E83900D6346F /* CPTLineCap.h */,
				4399CB321903E83900D6346F /* CPTLineStyle.h */,
				4399CB331903E83900D6346F /* CPTMutableLineStyle.h */,
				4399CB341903E83900D6346F /* CPTMutableNumericData+TypeConversion.h */,
				4399CB351903E83900D6346F /* CPTMutableNumericData.h */,
				4399CB361903E83900D6346F /* CPTMutablePlotRange.h */,
				4399CB371903E83900D6346F /* CPTMutableShadow.h */,
				4399CB381903E83900D6346F /* CPTMutableTextStyle.h */,
				4399CB391903E83900D6346F /* CPTNumericData+TypeConversion.h */,
				4399CB3A1903E83900D6346F /* CPTNumericData.h */,
				4399CB3B1903E83900D6346F /* CPTNumericDataType.h */,
				4399CB3C1903E83900D6346F /* CPTPathExtensions.h */,
				4399CB3D1903E83900D6346F /* CPTPieChart.h */,
				4399CB3E1903E83900D6346F /* CPTPlatformSpecificCategories.h */,
				4399CB3F1903E83900D6346F /* CPTPlatformSpecificDefines.h */,
				4399CB401903E83900D6346F /* CPTPlatformSpecificFunctions.h */,
				4399CB411903E83900D6346F /* CPTPlot.h */,
				4399CB421903E83900D6346F /* CPTPlotArea.h */,
				4399CB431903E83900D6346F /* CPTPlotAreaFrame.h */,
				4399CB441903E83900D6346F /* CPTPlotGroup.h */,
				4399CB451903E83900D6346F /* CPTPlotRange.h */,
				4399CB461903E83900D6346F /* CPTPlotSpace.h */,
				4399CB471903E83900D6346F /* CPTPlotSpaceAnnotation.h */,
				4399CB481903E83900D6346F /* CPTPlotSymbol.h */,
				4399CB491903E83900D6346F /* CPTRangePlot.h */,
				4399CB4A1903E83900D6346F /* CPTResponder.h */,
				4399CB4B1903E83900D6346F /* CPTScatterPlot.h */,
				4399CB4C1903E83900D6346F /* CPTShadow.h */,
				4399CB4D1903E83900D6346F /* CPTTestCase.h */,
				4399CB4E1903E83900D6346F /* CPTTextLayer.h */,
				4399CB4F1903E83900D6346F /* CPTTextStyle.h */,
				4399CB501903E83900D6346F /* CPTTextStylePlatformSpecific.h */,
				4399CB511903E83900D6346F /* CPTTheme.h */,
				4399CB521903E83900D6346F /* CPTTimeFormatter.h */,
				4399CB531903E83900D6346F /* CPTTradingRangePlot.h */,
				4399CB541903E83900D6346F /* CPTUtilities.h */,
				4399CB551903E83900D6346F /* CPTXYAxis.h */,
				4399CB561903E83900D6346F /* CPTXYAxisSet.h */,
				4399CB571903E83900D6346F /* CPTXYGraph.h */,
				4399CB581903E83900D6346F /* CPTXYPlotSpace.h */,
				4399CB591903E83900D6346F /* mainpage.h */,
				4399CB5A1903E83900D6346F /* NSCoderExtensions.h */,
				4399CB5B1903E83900D6346F /* NSDecimalNumberExtensions.h */,
				4399CB5C1903E83900D6346F /* NSNumberExtensions.h */,
			);
			name = CorePlotHeaders;
			path = ../../Downloads/CorePlot_1.4/Binaries/iOS/CorePlotHeaders;
			sourceTree = "<group>";
		};
/* End PBXGroup section */

/* Begin PBXNativeTarget section */
		24CC72F418FBA31D00799FCB /* CaffeineFix */ = {
			isa = PBXNativeTarget;
			buildConfigurationList = 24CC732118FBA31D00799FCB /* Build configuration list for PBXNativeTarget "CaffeineFix" */;
			buildPhases = (
				24CC72F118FBA31D00799FCB /* Sources */,
				24CC72F218FBA31D00799FCB /* Frameworks */,
				24CC72F318FBA31D00799FCB /* Resources */,
			);
			buildRules = (
			);
			dependencies = (
			);
			name = CaffeineFix;
			productName = CaffeineFix;
			productReference = 24CC72F518FBA31D00799FCB /* CaffeineFix.app */;
			productType = "com.apple.product-type.application";
		};
		24CC730F18FBA31D00799FCB /* CaffeineFixTests */ = {
			isa = PBXNativeTarget;
			buildConfigurationList = 24CC732418FBA31D00799FCB /* Build configuration list for PBXNativeTarget "CaffeineFixTests" */;
			buildPhases = (
				24CC730C18FBA31D00799FCB /* Sources */,
				24CC730D18FBA31D00799FCB /* Frameworks */,
				24CC730E18FBA31D00799FCB /* Resources */,
			);
			buildRules = (
			);
			dependencies = (
				24CC731618FBA31D00799FCB /* PBXTargetDependency */,
			);
			name = CaffeineFixTests;
			productName = CaffeineFixTests;
			productReference = 24CC731018FBA31D00799FCB /* CaffeineFixTests.xctest */;
			productType = "com.apple.product-type.bundle.unit-test";
		};
/* End PBXNativeTarget section */

/* Begin PBXProject section */
		24CC72ED18FBA31D00799FCB /* Project object */ = {
			isa = PBXProject;
			attributes = {
				CLASSPREFIX = CFIX;
				LastUpgradeCheck = 0510;
				ORGANIZATIONNAME = "___COFFEENINE___";
				TargetAttributes = {
					24CC730F18FBA31D00799FCB = {
						TestTargetID = 24CC72F418FBA31D00799FCB;
					};
				};
			};
			buildConfigurationList = 24CC72F018FBA31D00799FCB /* Build configuration list for PBXProject "CaffeineFix" */;
			compatibilityVersion = "Xcode 3.2";
			developmentRegion = English;
			hasScannedForEncodings = 0;
			knownRegions = (
				en,
			);
			mainGroup = 24CC72EC18FBA31D00799FCB;
			productRefGroup = 24CC72F618FBA31D00799FCB /* Products */;
			projectDirPath = "";
			projectRoot = "";
			targets = (
				24CC72F418FBA31D00799FCB /* CaffeineFix */,
				24CC730F18FBA31D00799FCB /* CaffeineFixTests */,
			);
		};
/* End PBXProject section */

/* Begin PBXResourcesBuildPhase section */
		24CC72F318FBA31D00799FCB /* Resources */ = {
			isa = PBXResourcesBuildPhase;
			buildActionMask = 2147483647;
			files = (
				24E890AA1930825E00B8111F /* CFIXTableViewCell.xib in Resources */,
				24BC490219036B010052EFA8 /* CFIXItemListTableViewController.xib in Resources */,
				24BC48FD19036A420052EFA8 /* CFIXAddNewItemViewController.xib in Resources */,
				439139BE192D61BD002158D5 /* CFIXViewController.xib in Resources */,
				24CC730318FBA31D00799FCB /* InfoPlist.strings in Resources */,
				24BC48F61903677F0052EFA8 /* Storyboard_iPhone.storyboard in Resources */,
				24CC730B18FBA31D00799FCB /* Images.xcassets in Resources */,
			);
			runOnlyForDeploymentPostprocessing = 0;
		};
		24CC730E18FBA31D00799FCB /* Resources */ = {
			isa = PBXResourcesBuildPhase;
			buildActionMask = 2147483647;
			files = (
				24CC731C18FBA31D00799FCB /* InfoPlist.strings in Resources */,
			);
			runOnlyForDeploymentPostprocessing = 0;
		};
/* End PBXResourcesBuildPhase section */

/* Begin PBXSourcesBuildPhase section */
		24CC72F118FBA31D00799FCB /* Sources */ = {
			isa = PBXSourcesBuildPhase;
			buildActionMask = 2147483647;
			files = (
				80BB1665192E1325009A36BF /* CFIXPieChartViewController.m in Sources */,
				24BC48FC19036A420052EFA8 /* CFIXAddNewItemViewController.m in Sources */,
				24E890AD1930930C00B8111F /* Log.m in Sources */,
				434D4B43190CF4EE002995AC /* LCInfoView.m in Sources */,
				24CC730918FBA31D00799FCB /* CFIXAppDelegate.m in Sources */,
				24E890A91930825E00B8111F /* CFIXTableViewCell.m in Sources */,
				434D4B3F190CF4E3002995AC /* LCLegendView.m in Sources */,
				24CC730518FBA31D00799FCB /* main.m in Sources */,
				439139BD192D61BD002158D5 /* CFIXViewController.m in Sources */,
				249E97A8190BA70C0027D779 /* CFIXDataModel.xcdatamodeld in Sources */,
				80BB1662192E124E009A36BF /* DLPieChart.m in Sources */,
				434D4B39190CF498002995AC /* UIKit+DrawingHelpers.m in Sources */,
				24BC490119036B010052EFA8 /* CFIXItemListTableViewController.m in Sources */,
				2490343C190360EE0092D207 /* CFIXNewItem.m in Sources */,
				24539004192C7C700099CCBF /* DrinkList.m in Sources */,
				434D4B40190CF4E3002995AC /* LCLineChartView.m in Sources */,
			);
			runOnlyForDeploymentPostprocessing = 0;
		};
		24CC730C18FBA31D00799FCB /* Sources */ = {
			isa = PBXSourcesBuildPhase;
			buildActionMask = 2147483647;
			files = (
				24CC731E18FBA31D00799FCB /* CaffeineFixTests.m in Sources */,
			);
			runOnlyForDeploymentPostprocessing = 0;
		};
/* End PBXSourcesBuildPhase section */

/* Begin PBXTargetDependency section */
		24CC731618FBA31D00799FCB /* PBXTargetDependency */ = {
			isa = PBXTargetDependency;
			target = 24CC72F418FBA31D00799FCB /* CaffeineFix */;
			targetProxy = 24CC731518FBA31D00799FCB /* PBXContainerItemProxy */;
		};
/* End PBXTargetDependency section */

/* Begin PBXVariantGroup section */
		24BC48F81903677F0052EFA8 /* Storyboard_iPhone.storyboard */ = {
			isa = PBXVariantGroup;
			children = (
				24BC48F71903677F0052EFA8 /* en */,
			);
			name = Storyboard_iPhone.storyboard;
			sourceTree = "<group>";
		};
		24CC730118FBA31D00799FCB /* InfoPlist.strings */ = {
			isa = PBXVariantGroup;
			children = (
				24CC730218FBA31D00799FCB /* en */,
			);
			name = InfoPlist.strings;
			sourceTree = "<group>";
		};
		24CC731A18FBA31D00799FCB /* InfoPlist.strings */ = {
			isa = PBXVariantGroup;
			children = (
				24CC731B18FBA31D00799FCB /* en */,
			);
			name = InfoPlist.strings;
			sourceTree = "<group>";
		};
/* End PBXVariantGroup section */

/* Begin XCBuildConfiguration section */
		24CC731F18FBA31D00799FCB /* Debug */ = {
			isa = XCBuildConfiguration;
			buildSettings = {
				ALWAYS_SEARCH_USER_PATHS = NO;
				CLANG_CXX_LANGUAGE_STANDARD = "gnu++0x";
				CLANG_CXX_LIBRARY = "libc++";
				CLANG_ENABLE_MODULES = YES;
				CLANG_ENABLE_OBJC_ARC = YES;
				CLANG_WARN_BOOL_CONVERSION = YES;
				CLANG_WARN_CONSTANT_CONVERSION = YES;
				CLANG_WARN_DIRECT_OBJC_ISA_USAGE = YES_ERROR;
				CLANG_WARN_EMPTY_BODY = YES;
				CLANG_WARN_ENUM_CONVERSION = YES;
				CLANG_WARN_INT_CONVERSION = YES;
				CLANG_WARN_OBJC_ROOT_CLASS = YES_ERROR;
				CLANG_WARN__DUPLICATE_METHOD_MATCH = YES;
				"CODE_SIGN_IDENTITY[sdk=iphoneos*]" = "iPhone Developer";
				COPY_PHASE_STRIP = NO;
				GCC_C_LANGUAGE_STANDARD = gnu99;
				GCC_DYNAMIC_NO_PIC = NO;
				GCC_OPTIMIZATION_LEVEL = 0;
				GCC_PREPROCESSOR_DEFINITIONS = (
					"DEBUG=1",
					"$(inherited)",
				);
				GCC_SYMBOLS_PRIVATE_EXTERN = NO;
				GCC_WARN_64_TO_32_BIT_CONVERSION = YES;
				GCC_WARN_ABOUT_RETURN_TYPE = YES_ERROR;
				GCC_WARN_UNDECLARED_SELECTOR = YES;
				GCC_WARN_UNINITIALIZED_AUTOS = YES_AGGRESSIVE;
				GCC_WARN_UNUSED_FUNCTION = YES;
				GCC_WARN_UNUSED_VARIABLE = YES;
				IPHONEOS_DEPLOYMENT_TARGET = 7.1;
				ONLY_ACTIVE_ARCH = YES;
				SDKROOT = iphoneos;
				TARGETED_DEVICE_FAMILY = "1,2";
			};
			name = Debug;
		};
		24CC732018FBA31D00799FCB /* Release */ = {
			isa = XCBuildConfiguration;
			buildSettings = {
				ALWAYS_SEARCH_USER_PATHS = NO;
				CLANG_CXX_LANGUAGE_STANDARD = "gnu++0x";
				CLANG_CXX_LIBRARY = "libc++";
				CLANG_ENABLE_MODULES = YES;
				CLANG_ENABLE_OBJC_ARC = YES;
				CLANG_WARN_BOOL_CONVERSION = YES;
				CLANG_WARN_CONSTANT_CONVERSION = YES;
				CLANG_WARN_DIRECT_OBJC_ISA_USAGE = YES_ERROR;
				CLANG_WARN_EMPTY_BODY = YES;
				CLANG_WARN_ENUM_CONVERSION = YES;
				CLANG_WARN_INT_CONVERSION = YES;
				CLANG_WARN_OBJC_ROOT_CLASS = YES_ERROR;
				CLANG_WARN__DUPLICATE_METHOD_MATCH = YES;
				"CODE_SIGN_IDENTITY[sdk=iphoneos*]" = "iPhone Developer";
				COPY_PHASE_STRIP = YES;
				ENABLE_NS_ASSERTIONS = NO;
				GCC_C_LANGUAGE_STANDARD = gnu99;
				GCC_WARN_64_TO_32_BIT_CONVERSION = YES;
				GCC_WARN_ABOUT_RETURN_TYPE = YES_ERROR;
				GCC_WARN_UNDECLARED_SELECTOR = YES;
				GCC_WARN_UNINITIALIZED_AUTOS = YES_AGGRESSIVE;
				GCC_WARN_UNUSED_FUNCTION = YES;
				GCC_WARN_UNUSED_VARIABLE = YES;
				IPHONEOS_DEPLOYMENT_TARGET = 7.1;
				SDKROOT = iphoneos;
				TARGETED_DEVICE_FAMILY = "1,2";
				VALIDATE_PRODUCT = YES;
			};
			name = Release;
		};
		24CC732218FBA31D00799FCB /* Debug */ = {
			isa = XCBuildConfiguration;
			buildSettings = {
				ASSETCATALOG_COMPILER_APPICON_NAME = AppIcon;
				ASSETCATALOG_COMPILER_LAUNCHIMAGE_NAME = LaunchImage;
				GCC_PRECOMPILE_PREFIX_HEADER = YES;
				GCC_PREFIX_HEADER = "CaffeineFix/CaffeineFix-Prefix.pch";
				INFOPLIST_FILE = "CaffeineFix/CaffeineFix-Info.plist";
				LIBRARY_SEARCH_PATHS = (
					"$(inherited)",
					/Users/Jiewei/Downloads/CorePlot_1.4/Binaries/iOS,
					"$(PROJECT_DIR)",
				);
				PRODUCT_NAME = "$(TARGET_NAME)";
				WRAPPER_EXTENSION = app;
			};
			name = Debug;
		};
		24CC732318FBA31D00799FCB /* Release */ = {
			isa = XCBuildConfiguration;
			buildSettings = {
				ASSETCATALOG_COMPILER_APPICON_NAME = AppIcon;
				ASSETCATALOG_COMPILER_LAUNCHIMAGE_NAME = LaunchImage;
				GCC_PRECOMPILE_PREFIX_HEADER = YES;
				GCC_PREFIX_HEADER = "CaffeineFix/CaffeineFix-Prefix.pch";
				INFOPLIST_FILE = "CaffeineFix/CaffeineFix-Info.plist";
				LIBRARY_SEARCH_PATHS = (
					"$(inherited)",
					/Users/Jiewei/Downloads/CorePlot_1.4/Binaries/iOS,
					"$(PROJECT_DIR)",
				);
				PRODUCT_NAME = "$(TARGET_NAME)";
				WRAPPER_EXTENSION = app;
			};
			name = Release;
		};
		24CC732518FBA31D00799FCB /* Debug */ = {
			isa = XCBuildConfiguration;
			buildSettings = {
				BUNDLE_LOADER = "$(BUILT_PRODUCTS_DIR)/CaffeineFix.app/CaffeineFix";
				FRAMEWORK_SEARCH_PATHS = (
					"$(SDKROOT)/Developer/Library/Frameworks",
					"$(inherited)",
					"$(DEVELOPER_FRAMEWORKS_DIR)",
				);
				GCC_PRECOMPILE_PREFIX_HEADER = YES;
				GCC_PREFIX_HEADER = "CaffeineFix/CaffeineFix-Prefix.pch";
				GCC_PREPROCESSOR_DEFINITIONS = (
					"DEBUG=1",
					"$(inherited)",
				);
				INFOPLIST_FILE = "CaffeineFixTests/CaffeineFixTests-Info.plist";
				PRODUCT_NAME = "$(TARGET_NAME)";
				TEST_HOST = "$(BUNDLE_LOADER)";
				WRAPPER_EXTENSION = xctest;
			};
			name = Debug;
		};
		24CC732618FBA31D00799FCB /* Release */ = {
			isa = XCBuildConfiguration;
			buildSettings = {
				BUNDLE_LOADER = "$(BUILT_PRODUCTS_DIR)/CaffeineFix.app/CaffeineFix";
				FRAMEWORK_SEARCH_PATHS = (
					"$(SDKROOT)/Developer/Library/Frameworks",
					"$(inherited)",
					"$(DEVELOPER_FRAMEWORKS_DIR)",
				);
				GCC_PRECOMPILE_PREFIX_HEADER = YES;
				GCC_PREFIX_HEADER = "CaffeineFix/CaffeineFix-Prefix.pch";
				INFOPLIST_FILE = "CaffeineFixTests/CaffeineFixTests-Info.plist";
				PRODUCT_NAME = "$(TARGET_NAME)";
				TEST_HOST = "$(BUNDLE_LOADER)";
				WRAPPER_EXTENSION = xctest;
			};
			name = Release;
		};
/* End XCBuildConfiguration section */

/* Begin XCConfigurationList section */
		24CC72F018FBA31D00799FCB /* Build configuration list for PBXProject "CaffeineFix" */ = {
			isa = XCConfigurationList;
			buildConfigurations = (
				24CC731F18FBA31D00799FCB /* Debug */,
				24CC732018FBA31D00799FCB /* Release */,
			);
			defaultConfigurationIsVisible = 0;
			defaultConfigurationName = Release;
		};
		24CC732118FBA31D00799FCB /* Build configuration list for PBXNativeTarget "CaffeineFix" */ = {
			isa = XCConfigurationList;
			buildConfigurations = (
				24CC732218FBA31D00799FCB /* Debug */,
				24CC732318FBA31D00799FCB /* Release */,
			);
			defaultConfigurationIsVisible = 0;
			defaultConfigurationName = Release;
		};
		24CC732418FBA31D00799FCB /* Build configuration list for PBXNativeTarget "CaffeineFixTests" */ = {
			isa = XCConfigurationList;
			buildConfigurations = (
				24CC732518FBA31D00799FCB /* Debug */,
				24CC732618FBA31D00799FCB /* Release */,
			);
			defaultConfigurationIsVisible = 0;
			defaultConfigurationName = Release;
		};
/* End XCConfigurationList section */

/* Begin XCVersionGroup section */
		249E97A6190BA70C0027D779 /* CFIXDataModel.xcdatamodeld */ = {
			isa = XCVersionGroup;
			children = (
				249E97A7190BA70C0027D779 /* CFIXDataModel.xcdatamodel */,
			);
			currentVersion = 249E97A7190BA70C0027D779 /* CFIXDataModel.xcdatamodel */;
			path = CFIXDataModel.xcdatamodeld;
			sourceTree = "<group>";
			versionGroupType = wrapper.xcdatamodel;
		};
/* End XCVersionGroup section */
	};
	rootObject = 24CC72ED18FBA31D00799FCB /* Project object */;
}
